
Microsoft Visual Studio Solution File, Format Version 12.00
# Visual Studio Version 17
VisualStudioVersion = 17.0.32112.339
MinimumVisualStudioVersion = 10.0.40219.1
Project("{FAE04EC0-301F-11D3-BF4B-00C04F79EFBC}") = "ttfkit_cli", "ttfkit_cli.csproj", "{C1FB36CA-8C71-47C8-A247-0F96C3695391}"
EndProject
Global
	GlobalSection(SolutionConfigurationPlatforms) = preSolution
		Debug|Any CPU = Debug|Any CPU
		Release|Any CPU = Release|Any CPU
	EndGlobalSection
	GlobalSection(ProjectConfigurationPlatforms) = postSolution
		{C1FB36CA-8C71-47C8-A247-0F96C3695391}.Debug|Any CPU.ActiveCfg = Debug|Any CPU
		{C1FB36CA-8C71-47C8-A247-0F96C3695391}.Debug|Any CPU.Build.0 = Debug|Any CPU
		{C1FB36CA-8C71-47C8-A247-0F96C3695391}.Release|Any CPU.ActiveCfg = Release|Any CPU
		{C1FB36CA-8C71-47C8-A247-0F96C3695391}.Release|Any CPU.Build.0 = Release|Any CPU
	EndGlobalSection
	GlobalSection(SolutionProperties) = preSolution
		HideSolutionNode = FALSE
	EndGlobalSection
	GlobalSection(ExtensibilityGlobals) = postSolution
		SolutionGuid = {0573E54F-913C-43A5-A4CB-4CADC3BD9A58}
	EndGlobalSection
EndGlobal
